// !$*UTF8*$!
{
	archiveVersion = 1;
	classes = {
	};
	objectVersion = 55;
	objects = {

/* Begin PBXBuildFile section */
		DA09675A285D0D8F00D4D0B8 /* AppDelegate.swift in Sources */ = {isa = PBXBuildFile; fileRef = DA096759285D0D8F00D4D0B8 /* AppDelegate.swift */; };
		DA09675C285D0D8F00D4D0B8 /* SceneDelegate.swift in Sources */ = {isa = PBXBuildFile; fileRef = DA09675B285D0D8F00D4D0B8 /* SceneDelegate.swift */; };
		DA09675E285D0D8F00D4D0B8 /* HomeViewController.swift in Sources */ = {isa = PBXBuildFile; fileRef = DA09675D285D0D8F00D4D0B8 /* HomeViewController.swift */; };
		DA096761285D0D8F00D4D0B8 /* Main.storyboard in Resources */ = {isa = PBXBuildFile; fileRef = DA09675F285D0D8F00D4D0B8 /* Main.storyboard */; };
		DA096763285D0D9000D4D0B8 /* Assets.xcassets in Resources */ = {isa = PBXBuildFile; fileRef = DA096762285D0D9000D4D0B8 /* Assets.xcassets */; };
		DA096766285D0D9000D4D0B8 /* LaunchScreen.storyboard in Resources */ = {isa = PBXBuildFile; fileRef = DA096764285D0D9000D4D0B8 /* LaunchScreen.storyboard */; };
		DA557919285D2792007C9520 /* HomeProtocols.swift in Sources */ = {isa = PBXBuildFile; fileRef = DA557918285D2792007C9520 /* HomeProtocols.swift */; };
		DA7D679B285D0E8E00C0DC82 /* PostsEntity.swift in Sources */ = {isa = PBXBuildFile; fileRef = DA7D679A285D0E8E00C0DC82 /* PostsEntity.swift */; };
		DA7D679D285D0EE600C0DC82 /* HomeInteractor.swift in Sources */ = {isa = PBXBuildFile; fileRef = DA7D679C285D0EE600C0DC82 /* HomeInteractor.swift */; };
		DA7D679F285D0F5400C0DC82 /* HomePresenter.swift in Sources */ = {isa = PBXBuildFile; fileRef = DA7D679E285D0F5400C0DC82 /* HomePresenter.swift */; };
		DA7D67A1285D103B00C0DC82 /* HomeRouter.swift in Sources */ = {isa = PBXBuildFile; fileRef = DA7D67A0285D103B00C0DC82 /* HomeRouter.swift */; };
		DA7D67A5285D16E200C0DC82 /* ApiService.swift in Sources */ = {isa = PBXBuildFile; fileRef = DA7D67A4285D16E200C0DC82 /* ApiService.swift */; };
		DA7D67A7285D1E9900C0DC82 /* PostsTableViewCell.swift in Sources */ = {isa = PBXBuildFile; fileRef = DA7D67A6285D1E9900C0DC82 /* PostsTableViewCell.swift */; };
		DACA6C41285D343B00BB6BCA /* DetailViewController.swift in Sources */ = {isa = PBXBuildFile; fileRef = DACA6C40285D343B00BB6BCA /* DetailViewController.swift */; };
		DACA6C43285D344A00BB6BCA /* DetailRouter.swift in Sources */ = {isa = PBXBuildFile; fileRef = DACA6C42285D344A00BB6BCA /* DetailRouter.swift */; };
		DACA6C45285D345200BB6BCA /* DetailPresenter.swift in Sources */ = {isa = PBXBuildFile; fileRef = DACA6C44285D345200BB6BCA /* DetailPresenter.swift */; };
		DACA6C47285D345F00BB6BCA /* DetailInteractor.swift in Sources */ = {isa = PBXBuildFile; fileRef = DACA6C46285D345F00BB6BCA /* DetailInteractor.swift */; };
		DACA6C49285D346B00BB6BCA /* DetailProtocols.swift in Sources */ = {isa = PBXBuildFile; fileRef = DACA6C48285D346B00BB6BCA /* DetailProtocols.swift */; };
/* End PBXBuildFile section */

/* Begin PBXFileReference section */
		DA096756285D0D8F00D4D0B8 /* basicviper.app */ = {isa = PBXFileReference; explicitFileType = wrapper.application; includeInIndex = 0; path = basicviper.app; sourceTree = BUILT_PRODUCTS_DIR; };
		DA096759285D0D8F00D4D0B8 /* AppDelegate.swift */ = {isa = PBXFileReference; lastKnownFileType = sourcecode.swift; path = AppDelegate.swift; sourceTree = "<group>"; };
		DA09675B285D0D8F00D4D0B8 /* SceneDelegate.swift */ = {isa = PBXFileReference; lastKnownFileType = sourcecode.swift; path = SceneDelegate.swift; sourceTree = "<group>"; };
		DA09675D285D0D8F00D4D0B8 /* HomeViewController.swift */ = {isa = PBXFileReference; lastKnownFileType = sourcecode.swift; path = HomeViewController.swift; sourceTree = "<group>"; };
		DA096760285D0D8F00D4D0B8 /* Base */ = {isa = PBXFileReference; lastKnownFileType = file.storyboard; name = Base; path = Base.lproj/Main.storyboard; sourceTree = "<group>"; };
		DA096762285D0D9000D4D0B8 /* Assets.xcassets */ = {isa = PBXFileReference; lastKnownFileType = folder.assetcatalog; path = Assets.xcassets; sourceTree = "<group>"; };
		DA096765285D0D9000D4D0B8 /* Base */ = {isa = PBXFileReference; lastKnownFileType = file.storyboard; name = Base; path = Base.lproj/LaunchScreen.storyboard; sourceTree = "<group>"; };
		DA096767285D0D9000D4D0B8 /* Info.plist */ = {isa = PBXFileReference; lastKnownFileType = text.plist.xml; path = Info.plist; sourceTree = "<group>"; };
		DA557918285D2792007C9520 /* HomeProtocols.swift */ = {isa = PBXFileReference; lastKnownFileType = sourcecode.swift; path = HomeProtocols.swift; sourceTree = "<group>"; };
		DA7D679A285D0E8E00C0DC82 /* PostsEntity.swift */ = {isa = PBXFileReference; lastKnownFileType = sourcecode.swift; path = PostsEntity.swift; sourceTree = "<group>"; };
		DA7D679C285D0EE600C0DC82 /* HomeInteractor.swift */ = {isa = PBXFileReference; lastKnownFileType = sourcecode.swift; path = HomeInteractor.swift; sourceTree = "<group>"; };
		DA7D679E285D0F5400C0DC82 /* HomePresenter.swift */ = {isa = PBXFileReference; lastKnownFileType = sourcecode.swift; path = HomePresenter.swift; sourceTree = "<group>"; };
		DA7D67A0285D103B00C0DC82 /* HomeRouter.swift */ = {isa = PBXFileReference; lastKnownFileType = sourcecode.swift; path = HomeRouter.swift; sourceTree = "<group>"; };
		DA7D67A4285D16E200C0DC82 /* ApiService.swift */ = {isa = PBXFileReference; lastKnownFileType = sourcecode.swift; path = ApiService.swift; sourceTree = "<group>"; };
		DA7D67A6285D1E9900C0DC82 /* PostsTableViewCell.swift */ = {isa = PBXFileReference; lastKnownFileType = sourcecode.swift; path = PostsTableViewCell.swift; sourceTree = "<group>"; };
		DACA6C40285D343B00BB6BCA /* DetailViewController.swift */ = {isa = PBXFileReference; lastKnownFileType = sourcecode.swift; path = DetailViewController.swift; sourceTree = "<group>"; };
		DACA6C42285D344A00BB6BCA /* DetailRouter.swift */ = {isa = PBXFileReference; lastKnownFileType = sourcecode.swift; path = DetailRouter.swift; sourceTree = "<group>"; };
		DACA6C44285D345200BB6BCA /* DetailPresenter.swift */ = {isa = PBXFileReference; lastKnownFileType = sourcecode.swift; path = DetailPresenter.swift; sourceTree = "<group>"; };
		DACA6C46285D345F00BB6BCA /* DetailInteractor.swift */ = {isa = PBXFileReference; lastKnownFileType = sourcecode.swift; path = DetailInteractor.swift; sourceTree = "<group>"; };
		DACA6C48285D346B00BB6BCA /* DetailProtocols.swift */ = {isa = PBXFileReference; lastKnownFileType = sourcecode.swift; path = DetailProtocols.swift; sourceTree = "<group>"; };
/* End PBXFileReference section */

/* Begin PBXFrameworksBuildPhase section */
		DA096753285D0D8F00D4D0B8 /* Frameworks */ = {
			isa = PBXFrameworksBuildPhase;
			buildActionMask = 2147483647;
			files = (
			);
			runOnlyForDeploymentPostprocessing = 0;
		};
/* End PBXFrameworksBuildPhase section */

/* Begin PBXGroup section */
		DA09674D285D0D8F00D4D0B8 = {
			isa = PBXGroup;
			children = (
				DA096758285D0D8F00D4D0B8 /* basicviper */,
				DA096757285D0D8F00D4D0B8 /* Products */,
			);
			sourceTree = "<group>";
		};
		DA096757285D0D8F00D4D0B8 /* Products */ = {
			isa = PBXGroup;
			children = (
				DA096756285D0D8F00D4D0B8 /* basicviper.app */,
			);
			name = Products;
			sourceTree = "<group>";
		};
		DA096758285D0D8F00D4D0B8 /* basicviper */ = {
			isa = PBXGroup;
			children = (
				DACA6C4A285D37CC00BB6BCA /* SB */,
				DA7D67A2285D16C800C0DC82 /* Data */,
				DA55791A285D33C3007C9520 /* DetailModule */,
				DA09676E285D0DCE00D4D0B8 /* HomeModule */,
				DA09676D285D0DC000D4D0B8 /* App */,
				DA096762285D0D9000D4D0B8 /* Assets.xcassets */,
				DA096767285D0D9000D4D0B8 /* Info.plist */,
			);
			path = basicviper;
			sourceTree = "<group>";
		};
		DA09676D285D0DC000D4D0B8 /* App */ = {
			isa = PBXGroup;
			children = (
				DA096759285D0D8F00D4D0B8 /* AppDelegate.swift */,
				DA09675B285D0D8F00D4D0B8 /* SceneDelegate.swift */,
			);
			path = App;
			sourceTree = "<group>";
		};
		DA09676E285D0DCE00D4D0B8 /* HomeModule */ = {
			isa = PBXGroup;
			children = (
				DA557917285D2782007C9520 /* Protocols */,
				DA7D6795285D0E2300C0DC82 /* Interactor */,
				DA7D6796285D0E2C00C0DC82 /* Presenter */,
				DA7D6797285D0E3300C0DC82 /* Router */,
				DA7D6794285D0E1D00C0DC82 /* View */,
			);
			path = HomeModule;
			sourceTree = "<group>";
		};
		DA557917285D2782007C9520 /* Protocols */ = {
			isa = PBXGroup;
			children = (
				DA557918285D2792007C9520 /* HomeProtocols.swift */,
			);
			path = Protocols;
			sourceTree = "<group>";
		};
		DA55791A285D33C3007C9520 /* DetailModule */ = {
			isa = PBXGroup;
			children = (
				DA55791F285D3405007C9520 /* Protocols */,
				DA55791E285D33FF007C9520 /* Interactor */,
				DA55791D285D33F9007C9520 /* Presenter */,
				DA55791C285D33DC007C9520 /* Router */,
				DA55791B285D33D5007C9520 /* View */,
			);
			path = DetailModule;
			sourceTree = "<group>";
		};
		DA55791B285D33D5007C9520 /* View */ = {
			isa = PBXGroup;
			children = (
				DACA6C40285D343B00BB6BCA /* DetailViewController.swift */,
			);
			path = View;
			sourceTree = "<group>";
		};
		DA55791C285D33DC007C9520 /* Router */ = {
			isa = PBXGroup;
			children = (
				DACA6C42285D344A00BB6BCA /* DetailRouter.swift */,
			);
			path = Router;
			sourceTree = "<group>";
		};
		DA55791D285D33F9007C9520 /* Presenter */ = {
			isa = PBXGroup;
			children = (
				DACA6C44285D345200BB6BCA /* DetailPresenter.swift */,
			);
			path = Presenter;
			sourceTree = "<group>";
		};
		DA55791E285D33FF007C9520 /* Interactor */ = {
			isa = PBXGroup;
			children = (
				DACA6C46285D345F00BB6BCA /* DetailInteractor.swift */,
			);
			path = Interactor;
			sourceTree = "<group>";
		};
		DA55791F285D3405007C9520 /* Protocols */ = {
			isa = PBXGroup;
			children = (
				DACA6C48285D346B00BB6BCA /* DetailProtocols.swift */,
			);
			path = Protocols;
			sourceTree = "<group>";
		};
		DA7D6794285D0E1D00C0DC82 /* View */ = {
			isa = PBXGroup;
			children = (
				DA09675D285D0D8F00D4D0B8 /* HomeViewController.swift */,
				DA7D67A6285D1E9900C0DC82 /* PostsTableViewCell.swift */,
			);
			path = View;
			sourceTree = "<group>";
		};
		DA7D6795285D0E2300C0DC82 /* Interactor */ = {
			isa = PBXGroup;
			children = (
				DA7D679C285D0EE600C0DC82 /* HomeInteractor.swift */,
			);
			path = Interactor;
			sourceTree = "<group>";
		};
		DA7D6796285D0E2C00C0DC82 /* Presenter */ = {
			isa = PBXGroup;
			children = (
				DA7D679E285D0F5400C0DC82 /* HomePresenter.swift */,
			);
			path = Presenter;
			sourceTree = "<group>";
		};
		DA7D6797285D0E3300C0DC82 /* Router */ = {
			isa = PBXGroup;
			children = (
				DA7D67A0285D103B00C0DC82 /* HomeRouter.swift */,
			);
			path = Router;
			sourceTree = "<group>";
		};
		DA7D6798285D0E3B00C0DC82 /* Entitys */ = {
			isa = PBXGroup;
			children = (
				DA7D679A285D0E8E00C0DC82 /* PostsEntity.swift */,
			);
			path = Entitys;
			sourceTree = "<group>";
		};
		DA7D67A2285D16C800C0DC82 /* Data */ = {
			isa = PBXGroup;
			children = (
				DA7D6798285D0E3B00C0DC82 /* Entitys */,
				DA7D67A3285D16D300C0DC82 /* Api */,
			);
			path = Data;
			sourceTree = "<group>";
		};
		DA7D67A3285D16D300C0DC82 /* Api */ = {
			isa = PBXGroup;
			children = (
				DA7D67A4285D16E200C0DC82 /* ApiService.swift */,
			);
			path = Api;
			sourceTree = "<group>";
		};
		DACA6C4A285D37CC00BB6BCA /* SB */ = {
			isa = PBXGroup;
			children = (
				DA09675F285D0D8F00D4D0B8 /* Main.storyboard */,
				DA096764285D0D9000D4D0B8 /* LaunchScreen.storyboard */,
			);
			path = SB;
			sourceTree = "<group>";
		};
/* End PBXGroup section */

/* Begin PBXNativeTarget section */
		DA096755285D0D8F00D4D0B8 /* basicviper */ = {
			isa = PBXNativeTarget;
			buildConfigurationList = DA09676A285D0D9000D4D0B8 /* Build configuration list for PBXNativeTarget "basicviper" */;
			buildPhases = (
				DA096752285D0D8F00D4D0B8 /* Sources */,
				DA096753285D0D8F00D4D0B8 /* Frameworks */,
				DA096754285D0D8F00D4D0B8 /* Resources */,
			);
			buildRules = (
			);
			dependencies = (
			);
			name = basicviper;
			productName = basicviper;
			productReference = DA096756285D0D8F00D4D0B8 /* basicviper.app */;
			productType = "com.apple.product-type.application";
		};
/* End PBXNativeTarget section */

/* Begin PBXProject section */
		DA09674E285D0D8F00D4D0B8 /* Project object */ = {
			isa = PBXProject;
			attributes = {
				BuildIndependentTargetsInParallel = 1;
				LastSwiftUpdateCheck = 1340;
				LastUpgradeCheck = 1340;
				TargetAttributes = {
					DA096755285D0D8F00D4D0B8 = {
						CreatedOnToolsVersion = 13.4.1;
					};
				};
			};
			buildConfigurationList = DA096751285D0D8F00D4D0B8 /* Build configuration list for PBXProject "basicviper" */;
			compatibilityVersion = "Xcode 13.0";
			developmentRegion = en;
			hasScannedForEncodings = 0;
			knownRegions = (
				en,
				Base,
			);
			mainGroup = DA09674D285D0D8F00D4D0B8;
			productRefGroup = DA096757285D0D8F00D4D0B8 /* Products */;
			projectDirPath = "";
			projectRoot = "";
			targets = (
				DA096755285D0D8F00D4D0B8 /* basicviper */,
			);
		};
/* End PBXProject section */

/* Begin PBXResourcesBuildPhase section */
		DA096754285D0D8F00D4D0B8 /* Resources */ = {
			isa = PBXResourcesBuildPhase;
			buildActionMask = 2147483647;
			files = (
				DA096766285D0D9000D4D0B8 /* LaunchScreen.storyboard in Resources */,
				DA096763285D0D9000D4D0B8 /* Assets.xcassets in Resources */,
				DA096761285D0D8F00D4D0B8 /* Main.storyboard in Resources */,
			);
			runOnlyForDeploymentPostprocessing = 0;
		};
/* End PBXResourcesBuildPhase section */

/* Begin PBXSourcesBuildPhase section */
		DA096752285D0D8F00D4D0B8 /* Sources */ = {
			isa = PBXSourcesBuildPhase;
			buildActionMask = 2147483647;
			files = (
				DACA6C41285D343B00BB6BCA /* DetailViewController.swift in Sources */,
				DA09675E285D0D8F00D4D0B8 /* HomeViewController.swift in Sources */,
				DA09675A285D0D8F00D4D0B8 /* AppDelegate.swift in Sources */,
				DA7D67A1285D103B00C0DC82 /* HomeRouter.swift in Sources */,
				DA7D679B285D0E8E00C0DC82 /* PostsEntity.swift in Sources */,
				DA7D679F285D0F5400C0DC82 /* HomePresenter.swift in Sources */,
				DA7D679D285D0EE600C0DC82 /* HomeInteractor.swift in Sources */,
				DA557919285D2792007C9520 /* HomeProtocols.swift in Sources */,
				DA7D67A7285D1E9900C0DC82 /* PostsTableViewCell.swift in Sources */,
				DACA6C43285D344A00BB6BCA /* DetailRouter.swift in Sources */,
				DACA6C45285D345200BB6BCA /* DetailPresenter.swift in Sources */,
				DACA6C47285D345F00BB6BCA /* DetailInteractor.swift in Sources */,
				DA7D67A5285D16E200C0DC82 /* ApiService.swift in Sources */,
				DACA6C49285D346B00BB6BCA /* DetailProtocols.swift in Sources */,
				DA09675C285D0D8F00D4D0B8 /* SceneDelegate.swift in Sources */,
			);
			runOnlyForDeploymentPostprocessing = 0;
		};
/* End PBXSourcesBuildPhase section */

/* Begin PBXVariantGroup section */
		DA09675F285D0D8F00D4D0B8 /* Main.storyboard */ = {
			isa = PBXVariantGroup;
			children = (
				DA096760285D0D8F00D4D0B8 /* Base */,
			);
			name = Main.storyboard;
			sourceTree = "<group>";
		};
		DA096764285D0D9000D4D0B8 /* LaunchScreen.storyboard */ = {
			isa = PBXVariantGroup;
			children = (
				DA096765285D0D9000D4D0B8 /* Base */,
			);
			name = LaunchScreen.storyboard;
			sourceTree = "<group>";
		};
/* End PBXVariantGroup section */

/* Begin XCBuildConfiguration section */
		DA096768285D0D9000D4D0B8 /* Debug */ = {
			isa = XCBuildConfiguration;
			buildSettings = {
				ALWAYS_SEARCH_USER_PATHS = NO;
				CLANG_ANALYZER_NONNULL = YES;
				CLANG_ANALYZER_NUMBER_OBJECT_CONVERSION = YES_AGGRESSIVE;
				CLANG_CXX_LANGUAGE_STANDARD = "gnu++17";
				CLANG_ENABLE_MODULES = YES;
				CLANG_ENABLE_OBJC_ARC = YES;
				CLANG_ENABLE_OBJC_WEAK = YES;
				CLANG_WARN_BLOCK_CAPTURE_AUTORELEASING = YES;
				CLANG_WARN_BOOL_CONVERSION = YES;
				CLANG_WARN_COMMA = YES;
				CLANG_WARN_CONSTANT_CONVERSION = YES;
				CLANG_WARN_DEPRECATED_OBJC_IMPLEMENTATIONS = YES;
				CLANG_WARN_DIRECT_OBJC_ISA_USAGE = YES_ERROR;
				CLANG_WARN_DOCUMENTATION_COMMENTS = YES;
				CLANG_WARN_EMPTY_BODY = YES;
				CLANG_WARN_ENUM_CONVERSION = YES;
				CLANG_WARN_INFINITE_RECURSION = YES;
				CLANG_WARN_INT_CONVERSION = YES;
				CLANG_WARN_NON_LITERAL_NULL_CONVERSION = YES;
				CLANG_WARN_OBJC_IMPLICIT_RETAIN_SELF = YES;
				CLANG_WARN_OBJC_LITERAL_CONVERSION = YES;
				CLANG_WARN_OBJC_ROOT_CLASS = YES_ERROR;
				CLANG_WARN_QUOTED_INCLUDE_IN_FRAMEWORK_HEADER = YES;
				CLANG_WARN_RANGE_LOOP_ANALYSIS = YES;
				CLANG_WARN_STRICT_PROTOTYPES = YES;
				CLANG_WARN_SUSPICIOUS_MOVE = YES;
				CLANG_WARN_UNGUARDED_AVAILABILITY = YES_AGGRESSIVE;
				CLANG_WARN_UNREACHABLE_CODE = YES;
				CLANG_WARN__DUPLICATE_METHOD_MATCH = YES;
				COPY_PHASE_STRIP = NO;
				DEBUG_INFORMATION_FORMAT = dwarf;
				ENABLE_STRICT_OBJC_MSGSEND = YES;
				ENABLE_TESTABILITY = YES;
				GCC_C_LANGUAGE_STANDARD = gnu11;
				GCC_DYNAMIC_NO_PIC = NO;
				GCC_NO_COMMON_BLOCKS = YES;
				GCC_OPTIMIZATION_LEVEL = 0;
				GCC_PREPROCESSOR_DEFINITIONS = (
					"DEBUG=1",
					"$(inherited)",
				);
				GCC_WARN_64_TO_32_BIT_CONVERSION = YES;
				GCC_WARN_ABOUT_RETURN_TYPE = YES_ERROR;
				GCC_WARN_UNDECLARED_SELECTOR = YES;
				GCC_WARN_UNINITIALIZED_AUTOS = YES_AGGRESSIVE;
				GCC_WARN_UNUSED_FUNCTION = YES;
				GCC_WARN_UNUSED_VARIABLE = YES;
				IPHONEOS_DEPLOYMENT_TARGET = 15.5;
				MTL_ENABLE_DEBUG_INFO = INCLUDE_SOURCE;
				MTL_FAST_MATH = YES;
				ONLY_ACTIVE_ARCH = YES;
				SDKROOT = iphoneos;
				SWIFT_ACTIVE_COMPILATION_CONDITIONS = DEBUG;
				SWIFT_OPTIMIZATION_LEVEL = "-Onone";
			};
			name = Debug;
		};
		DA096769285D0D9000D4D0B8 /* Release */ = {
			isa = XCBuildConfiguration;
			buildSettings = {
				ALWAYS_SEARCH_USER_PATHS = NO;
				CLANG_ANALYZER_NONNULL = YES;
				CLANG_ANALYZER_NUMBER_OBJECT_CONVERSION = YES_AGGRESSIVE;
				CLANG_CXX_LANGUAGE_STANDARD = "gnu++17";
				CLANG_ENABLE_MODULES = YES;
				CLANG_ENABLE_OBJC_ARC = YES;
				CLANG_ENABLE_OBJC_WEAK = YES;
				CLANG_WARN_BLOCK_CAPTURE_AUTORELEASING = YES;
				CLANG_WARN_BOOL_CONVERSION = YES;
				CLANG_WARN_COMMA = YES;
				CLANG_WARN_CONSTANT_CONVERSION = YES;
				CLANG_WARN_DEPRECATED_OBJC_IMPLEMENTATIONS = YES;
				CLANG_WARN_DIRECT_OBJC_ISA_USAGE = YES_ERROR;
				CLANG_WARN_DOCUMENTATION_COMMENTS = YES;
				CLANG_WARN_EMPTY_BODY = YES;
				CLANG_WARN_ENUM_CONVERSION = YES;
				CLANG_WARN_INFINITE_RECURSION = YES;
				CLANG_WARN_INT_CONVERSION = YES;
				CLANG_WARN_NON_LITERAL_NULL_CONVERSION = YES;
				CLANG_WARN_OBJC_IMPLICIT_RETAIN_SELF = YES;
				CLANG_WARN_OBJC_LITERAL_CONVERSION = YES;
				CLANG_WARN_OBJC_ROOT_CLASS = YES_ERROR;
				CLANG_WARN_QUOTED_INCLUDE_IN_FRAMEWORK_HEADER = YES;
				CLANG_WARN_RANGE_LOOP_ANALYSIS = YES;
				CLANG_WARN_STRICT_PROTOTYPES = YES;
				CLANG_WARN_SUSPICIOUS_MOVE = YES;
				CLANG_WARN_UNGUARDED_AVAILABILITY = YES_AGGRESSIVE;
				CLANG_WARN_UNREACHABLE_CODE = YES;
				CLANG_WARN__DUPLICATE_METHOD_MATCH = YES;
				COPY_PHASE_STRIP = NO;
				DEBUG_INFORMATION_FORMAT = "dwarf-with-dsym";
				ENABLE_NS_ASSERTIONS = NO;
				ENABLE_STRICT_OBJC_MSGSEND = YES;
				GCC_C_LANGUAGE_STANDARD = gnu11;
				GCC_NO_COMMON_BLOCKS = YES;
				GCC_WARN_64_TO_32_BIT_CONVERSION = YES;
				GCC_WARN_ABOUT_RETURN_TYPE = YES_ERROR;
				GCC_WARN_UNDECLARED_SELECTOR = YES;
				GCC_WARN_UNINITIALIZED_AUTOS = YES_AGGRESSIVE;
				GCC_WARN_UNUSED_FUNCTION = YES;
				GCC_WARN_UNUSED_VARIABLE = YES;
				IPHONEOS_DEPLOYMENT_TARGET = 15.5;
				MTL_ENABLE_DEBUG_INFO = NO;
				MTL_FAST_MATH = YES;
				SDKROOT = iphoneos;
				SWIFT_COMPILATION_MODE = wholemodule;
				SWIFT_OPTIMIZATION_LEVEL = "-O";
				VALIDATE_PRODUCT = YES;
			};
			name = Release;
		};
		DA09676B285D0D9000D4D0B8 /* Debug */ = {
			isa = XCBuildConfiguration;
			buildSettings = {
				ASSETCATALOG_COMPILER_APPICON_NAME = AppIcon;
				ASSETCATALOG_COMPILER_GLOBAL_ACCENT_COLOR_NAME = AccentColor;
				CODE_SIGN_STYLE = Automatic;
				CURRENT_PROJECT_VERSION = 1;
				DEVELOPMENT_TEAM = PFMP7MNJM2;
				GENERATE_INFOPLIST_FILE = YES;
				INFOPLIST_FILE = basicviper/Info.plist;
				INFOPLIST_KEY_UIApplicationSupportsIndirectInputEvents = YES;
				INFOPLIST_KEY_UILaunchStoryboardName = LaunchScreen;
				INFOPLIST_KEY_UIMainStoryboardFile = Main;
				INFOPLIST_KEY_UISupportedInterfaceOrientations_iPad = "UIInterfaceOrientationPortrait UIInterfaceOrientationPortraitUpsideDown UIInterfaceOrientationLandscapeLeft UIInterfaceOrientationLandscapeRight";
				INFOPLIST_KEY_UISupportedInterfaceOrientations_iPhone = "UIInterfaceOrientationPortrait UIInterfaceOrientationLandscapeLeft UIInterfaceOrientationLandscapeRight";
				LD_RUNPATH_SEARCH_PATHS = (
					"$(inherited)",
					"@executable_path/Frameworks",
				);
				MARKETING_VERSION = 1.0;
				PRODUCT_BUNDLE_IDENTIFIER = com.erenexamples.basicviper;
				PRODUCT_NAME = "$(TARGET_NAME)";
				SWIFT_EMIT_LOC_STRINGS = YES;
				SWIFT_VERSION = 5.0;
				TARGETED_DEVICE_FAMILY = "1,2";
			};
			name = Debug;
		};
		DA09676C285D0D9000D4D0B8 /* Release */ = {
			isa = XCBuildConfiguration;
			buildSettings = {
				ASSETCATALOG_COMPILER_APPICON_NAME = AppIcon;
				ASSETCATALOG_COMPILER_GLOBAL_ACCENT_COLOR_NAME = AccentColor;
				CODE_SIGN_STYLE = Automatic;
				CURRENT_PROJECT_VERSION = 1;
				DEVELOPMENT_TEAM = PFMP7MNJM2;
				GENERATE_INFOPLIST_FILE = YES;
				INFOPLIST_FILE = basicviper/Info.plist;
				INFOPLIST_KEY_UIApplicationSupportsIndirectInputEvents = YES;
				INFOPLIST_KEY_UILaunchStoryboardName = LaunchScreen;
				INFOPLIST_KEY_UIMainStoryboardFile = Main;
				INFOPLIST_KEY_UISupportedInterfaceOrientations_iPad = "UIInterfaceOrientationPortrait UIInterfaceOrientationPortraitUpsideDown UIInterfaceOrientationLandscapeLeft UIInterfaceOrientationLandscapeRight";
				INFOPLIST_KEY_UISupportedInterfaceOrientations_iPhone = "UIInterfaceOrientationPortrait UIInterfaceOrientationLandscapeLeft UIInterfaceOrientationLandscapeRight";
				LD_RUNPATH_SEARCH_PATHS = (
					"$(inherited)",
					"@executable_path/Frameworks",
				);
				MARKETING_VERSION = 1.0;
				PRODUCT_BUNDLE_IDENTIFIER = com.erenexamples.basicviper;
				PRODUCT_NAME = "$(TARGET_NAME)";
				SWIFT_EMIT_LOC_STRINGS = YES;
				SWIFT_VERSION = 5.0;
				TARGETED_DEVICE_FAMILY = "1,2";
			};
			name = Release;
		};
/* End XCBuildConfiguration section */

/* Begin XCConfigurationList section */
		DA096751285D0D8F00D4D0B8 /* Build configuration list for PBXProject "basicviper" */ = {
			isa = XCConfigurationList;
			buildConfigurations = (
				DA096768285D0D9000D4D0B8 /* Debug */,
				DA096769285D0D9000D4D0B8 /* Release */,
			);
			defaultConfigurationIsVisible = 0;
			defaultConfigurationName = Release;
		};
		DA09676A285D0D9000D4D0B8 /* Build configuration list for PBXNativeTarget "basicviper" */ = {
			isa = XCConfigurationList;
			buildConfigurations = (
				DA09676B285D0D9000D4D0B8 /* Debug */,
				DA09676C285D0D9000D4D0B8 /* Release */,
			);
			defaultConfigurationIsVisible = 0;
			defaultConfigurationName = Release;
		};
/* End XCConfigurationList section */
	};
	rootObject = DA09674E285D0D8F00D4D0B8 /* Project object */;
}
